# THIS IS AN AUTOGENERATED FILE. DO NOT EDIT THIS FILE DIRECTLY.
# yarn lockfile v1


"@abp/clipboard@~8.1.4":
  version "8.1.4"
  resolved "https://registry.yarnpkg.com/@abp/clipboard/-/clipboard-8.1.4.tgz#e06b9365a308dece0cbc8cc8bb48643df2dd69e4"
  integrity sha512-vic5BTXXXKTbRgCf+c6Oun9emTIT7/bHOkA47PeZvV1fQ9ro/081+/a2LIMpaBMZBrAgmchAWi4X7tImTOZ5TQ==
  dependencies:
    "@abp/core" "~8.1.4"
    clipboard "^2.0.8"

"@abp/cms-kit.admin@~8.1.1":
  version "8.1.4"
  resolved "https://registry.yarnpkg.com/@abp/cms-kit.admin/-/cms-kit.admin-8.1.4.tgz#1853dccef3798fcd66797292e5e3c5ada834cb4e"
  integrity sha512-kduI/4FLWyb6ipuwkYMUfSJ+fDL2Hz68GnEaqhgLKvCA6Aduy5RH0A08fnl478JUs+c9zkJnQ3Rmum545BK3nA==
  dependencies:
    "@abp/codemirror" "~8.1.4"
    "@abp/jstree" "~8.1.4"
    "@abp/slugify" "~8.1.4"
    "@abp/tui-editor" "~8.1.4"
    "@abp/uppy" "~8.1.4"

"@abp/cms-kit.public@~8.1.1":
  version "8.1.4"
  resolved "https://registry.yarnpkg.com/@abp/cms-kit.public/-/cms-kit.public-8.1.4.tgz#bef83b46765b449b43e848a2c1693ea147a91950"
  integrity sha512-oCJJYFJgJZn8Gr5cGrCAX6nEn9DowxJHvacA0hoKIPFbbZLrGGozdN71vz41tOhN7/RxekrO/AOrwf0nhJs8/g==
  dependencies:
    "@abp/highlight.js" "~8.1.4"
    "@abp/star-rating-svg" "~8.1.4"

"@abp/cms-kit@8.1.1":
  version "8.1.1"
  resolved "https://registry.yarnpkg.com/@abp/cms-kit/-/cms-kit-8.1.1.tgz#058ccd9c793f7599c7d63e19bdd3b4f9d8e376e4"
  integrity sha512-vtU+OhhtmviI2FQGCmplkwT/FthqtwXi6NW9qfFaZnQrWNYmJ2zc/8P//8+Hf3k4o8DAY++qYyKDBqfk4Tljfw==
  dependencies:
    "@abp/cms-kit.admin" "~8.1.1"
    "@abp/cms-kit.public" "~8.1.1"

"@abp/codemirror@~8.1.4":
  version "8.1.4"
  resolved "https://registry.yarnpkg.com/@abp/codemirror/-/codemirror-8.1.4.tgz#060846a40177bc2fefb2390660595ed1e0c80715"
  integrity sha512-Vu9V7arnCJ8aq3hfQSsGbdDKmfKsbaa/+Wjyh/NQGsXbqEJ40q56mplb5HXCkt3DZalGMwl9WK2uwOfTEefMUg==
  dependencies:
    "@abp/core" "~8.1.4"
    codemirror "^5.65.1"

"@abp/core@~8.1.4":
  version "8.1.4"
  resolved "https://registry.yarnpkg.com/@abp/core/-/core-8.1.4.tgz#10d4cefe7f5fc7e442c7e5413d2ecfb4c288d94e"
  integrity sha512-VUv92ddnnjweAr3wYA4ru5W+iGViIiFNTlHE8yEuxnFUHCqSO67y5DiRNyhvo4nsitel91m8VPsoKNKmHOFWZA==
  dependencies:
    "@abp/utils" "~8.1.4"

"@abp/highlight.js@~8.1.4":
  version "8.1.4"
  resolved "https://registry.yarnpkg.com/@abp/highlight.js/-/highlight.js-8.1.4.tgz#3199d6dca312b425d90c3bf575421f0cf51c4ed9"
  integrity sha512-ryXtyUDYjLJ0r0RyydXLjo6u3WwkqqsAfGNxPMfRrYfj8ymxGKPqJyVQ2eZOL117v91xQ6iwKVmomgMKYOFhXg==
  dependencies:
    "@abp/core" "~8.1.4"
    "@highlightjs/cdn-assets" "~11.4.0"

"@abp/jquery@~8.1.4":
  version "8.1.4"
  resolved "https://registry.yarnpkg.com/@abp/jquery/-/jquery-8.1.4.tgz#c1e4d0d6919f9cf7bdd28a35af6ba1a584498242"
  integrity sha512-GM9QZNnk+shruV7jkk1cFd1dXBSHj3nihuGd4Gw5HnuPT35yRWguqutBRMb+N23sH2QvrjKt21nj4eU7ZV9kow==
  dependencies:
    "@abp/core" "~8.1.4"
    jquery "~3.6.0"

"@abp/jstree@~8.1.4":
  version "8.1.4"
  resolved "https://registry.yarnpkg.com/@abp/jstree/-/jstree-8.1.4.tgz#b55bbe820379ba54c4a63fa47c51b28ea3a06f51"
  integrity sha512-q7TlWJH9SqypOEGdICqt6ftCjj4oCe9UCIVmt9BVZJ1v75qPyVq01iTICfyR23yVdMiwdhHd5BhID19pYIUVAg==
  dependencies:
    "@abp/jquery" "~8.1.4"
    jstree "^3.3.12"

"@abp/prismjs@~8.1.4":
  version "8.1.4"
  resolved "https://registry.yarnpkg.com/@abp/prismjs/-/prismjs-8.1.4.tgz#3b77653637d5cefd5cc9d0a58b7cbb575fbde88f"
  integrity sha512-n2XbMwIaIRK3UcnF5NJm4oeKdSN+hadK99D642cz8YP2rD/XYgQ8aHG4hZLPT8d0wGYkOvJ6bf5GYEn5GZSUIg==
  dependencies:
    "@abp/clipboard" "~8.1.4"
    "@abp/core" "~8.1.4"
    prismjs "^1.26.0"

"@abp/slugify@~8.1.4":
  version "8.1.4"
  resolved "https://registry.yarnpkg.com/@abp/slugify/-/slugify-8.1.4.tgz#95e5200703c5db45d9713ce0c01e636406008490"
  integrity sha512-g9j/iwDgpp88IW1v3omPaMyMUkdZTloW3v8jq/xt6mnmsi1m6gifO4P1z5E+7imkS7OvjoXKGgKvjsNn3QqS9w==
  dependencies:
    slugify "^1.6.5"

"@abp/star-rating-svg@~8.1.4":
  version "8.1.4"
  resolved "https://registry.yarnpkg.com/@abp/star-rating-svg/-/star-rating-svg-8.1.4.tgz#79e6b626d42c619f22c1da9431806959e08765b6"
  integrity sha512-nq0c9i6MDgL3SFNigUakUU2dnSGqckjLk3IUIEL/RpsOI1E3Vm1XVh1CvmDuhI3wd7L9cexOUcRaf2Qf4rr6hQ==
  dependencies:
    "@abp/jquery" "~8.1.4"
    star-rating-svg "^3.5.0"

"@abp/tui-editor@~8.1.4":
  version "8.1.4"
  resolved "https://registry.yarnpkg.com/@abp/tui-editor/-/tui-editor-8.1.4.tgz#73888cf175aaa504f7f19ef82f7a3d52110997a0"
  integrity sha512-exmz3gtTffgMmxkhJEHJ5IwWniKGtGZXMIF+wyHAxocmxyZcxS3+CVtSPXri8LhqUYL4Or4BZ1tgIbuvdF2HXQ==
  dependencies:
    "@abp/jquery" "~8.1.4"
    "@abp/prismjs" "~8.1.4"

"@abp/uppy@~8.1.4":
  version "8.1.4"
  resolved "https://registry.yarnpkg.com/@abp/uppy/-/uppy-8.1.4.tgz#3656be46ca62956b72718bd23d8ce7578d7433db"
  integrity sha512-SWKlz8eqPcgiIHUECm25sfO4GLXy+lHXb6+z6bQynz2ZahYY0iqLNDPE7svkIMii+Pl3QQ9a7S6nhbOHwXRaKg==
  dependencies:
    "@abp/core" "~8.1.4"
    uppy "^3.0.0"

"@abp/utils@~8.1.4":
  version "8.1.4"
  resolved "https://registry.yarnpkg.com/@abp/utils/-/utils-8.1.4.tgz#7526bc9924e1904d8146d5bc6883d40a3dea86bf"
  integrity sha512-YtMLSoNULhKpobqF40t6R84XVgnkUuJekT/84Asn1PquiLF8Vs/iYl1xG1hboDa7eoAR1/PsttPqNknZgoZsFQ==
  dependencies:
    just-compare "^2.3.0"

"@highlightjs/cdn-assets@~11.4.0":
  version "11.4.0"
  resolved "https://registry.yarnpkg.com/@highlightjs/cdn-assets/-/cdn-assets-11.4.0.tgz#2bb8da1ed4558157994722e15761099dc5b5c17e"
  integrity sha512-Q/QAnptS/5I3ZRJ82wT6F6OTZz1WdhzK1bK9T5u5UwByUNuDMOk2+QIQX1ggH8BJZCZaRNB/EZ+GYcxCd8FK+A==

"@transloadit/prettier-bytes@^0.3.4":
  version "0.3.4"
  resolved "https://registry.yarnpkg.com/@transloadit/prettier-bytes/-/prettier-bytes-0.3.4.tgz#51f837a49cab10a42ef64d6f227d1a859ba435aa"
  integrity sha512-8/SnIF9Q2k52mbjRVAYLranwkaDTLb+O9r4Z/uo8uNw//SjygKvvbF4BHSOuReufaAyum1q13602VcNud25Dfg==

"@types/retry@0.12.2":
  version "0.12.2"
  resolved "https://registry.yarnpkg.com/@types/retry/-/retry-0.12.2.tgz#ed279a64fa438bb69f2480eda44937912bb7480a"
  integrity sha512-XISRgDJ2Tc5q4TRqvgJtzsRkFYNJzZrhTdtMoGVBttwzzQJkPnS3WWTFc7kuDRoPtPakl+T+OfdEUjYJj7Jbow==

"@uppy/audio@^1.1.9":
  version "1.1.9"
  resolved "https://registry.yarnpkg.com/@uppy/audio/-/audio-1.1.9.tgz#1617a991dcdd7bba5aa38ace32fa62a1103c05bc"
  integrity sha512-PuA6RhTBr8KEATouWQ/PLyw/8LY+rxy2jcI/gzkQg36ohBCS/UouzmawFFI+WqEwztlLVGcKeUUH5Yd9ePUD5A==
  dependencies:
    "@uppy/utils" "^5.9.0"
    preact "^10.5.13"

"@uppy/aws-s3-multipart@^3.10.2", "@uppy/aws-s3-multipart@^3.12.0":
  version "3.12.0"
  resolved "https://registry.yarnpkg.com/@uppy/aws-s3-multipart/-/aws-s3-multipart-3.12.0.tgz#cbd7a545cd321db92565664a10a167fb5c751d3b"
  integrity sha512-l6/TlRjde/mP4LMFWdJIRBEUUceYXtAiNAHukfyzM3VbY3/+YrEJTAchsa4DrqAiyToJJu6b+xxvL2H46cDs3Q==
  dependencies:
    "@uppy/companion-client" "^3.8.1"
    "@uppy/utils" "^5.9.0"

"@uppy/aws-s3@^3.6.2":
  version "3.6.2"
  resolved "https://registry.yarnpkg.com/@uppy/aws-s3/-/aws-s3-3.6.2.tgz#a991b2aeb24f53db422d1e8b71d8ac8e61360301"
  integrity sha512-pXXSfJbPLR9tmmLFckKU3lyp7Zx4AVvamH/Y5MU2WHKj8TQMrGeM0/M/nXn8SIa7roYEaskY6dVYT/DcHLdO9A==
  dependencies:
    "@uppy/aws-s3-multipart" "^3.10.2"
    "@uppy/companion-client" "^3.7.2"
    "@uppy/utils" "^5.7.2"
    "@uppy/xhr-upload" "^3.6.2"
    nanoid "^4.0.0"

"@uppy/box@^2.4.0":
  version "2.4.0"
  resolved "https://registry.yarnpkg.com/@uppy/box/-/box-2.4.0.tgz#2f5db1532015fdc7b102e3aa52dced98f07b3c19"
  integrity sha512-7KEXzljhYcw0dMycJ4rEvLc6wkH9+yLmRQ69PQ+iPYzWe4q27DD7ux3lAhEqRocRFqqzFCt6M3pW79WfnqjkCA==
  dependencies:
    "@uppy/companion-client" "^3.8.1"
    "@uppy/provider-views" "^3.13.0"
    "@uppy/utils" "^5.9.0"
    preact "^10.5.13"

"@uppy/companion-client@^3.7.2", "@uppy/companion-client@^3.8.1":
  version "3.8.1"
  resolved "https://registry.yarnpkg.com/@uppy/companion-client/-/companion-client-3.8.1.tgz#6bac6a6f0be0637ceba2a22bc6a2ce99ccc5edcd"
  integrity sha512-A1k9cOgGMsJNx1lI0Lj2ZaLAH3WIL3xImi2EPXuAHgL1uBZqjuffP2P9XK4nr+KVc+PBivOxH7MoiYpJm97/xw==
  dependencies:
    "@uppy/utils" "^5.9.0"
    namespace-emitter "^2.0.1"
    p-retry "^6.1.0"

"@uppy/compressor@^1.1.4":
  version "1.1.4"
  resolved "https://registry.yarnpkg.com/@uppy/compressor/-/compressor-1.1.4.tgz#6c246650344446b5df1101759a98ee07f8e132ee"
  integrity sha512-ZB8nsJQz9cZXQKFAiKVZjD9REiFXF5woeAQKrJvTTFdxhvH8PVn8EKmOFZDt1f2XuwgsIXdhsbfI6BzmLVFYYg==
  dependencies:
    "@transloadit/prettier-bytes" "^0.3.4"
    "@uppy/utils" "^5.9.0"
    compressorjs "^1.2.1"
    preact "^10.5.13"
    promise-queue "^2.2.5"

"@uppy/core@^3.13.0":
  version "3.13.0"
  resolved "https://registry.yarnpkg.com/@uppy/core/-/core-3.13.0.tgz#c0ad5f5d0f51dd264e47d5e75b36615880e8d116"
  integrity sha512-qyht4dJ72AGWriwyy14h0wesrizgMEAU8Y6U3GKZYj6vfPOeEN0VbrbrkqlLxsczB5uyuUbhrPkPRU7srGDvtg==
  dependencies:
    "@transloadit/prettier-bytes" "^0.3.4"
    "@uppy/store-default" "^3.2.2"
    "@uppy/utils" "^5.9.0"
    lodash "^4.17.21"
    mime-match "^1.0.2"
    namespace-emitter "^2.0.1"
    nanoid "^4.0.0"
    preact "^10.5.13"

"@uppy/dashboard@^3.9.0":
  version "3.9.0"
  resolved "https://registry.yarnpkg.com/@uppy/dashboard/-/dashboard-3.9.0.tgz#56439053492a30148376b38b989f74ff89a2434d"
  integrity sha512-Z4mlMpckj8R3V3WSRDFAJAdzmb0RGSJCGeQyW8Da5d11elqg0YbBd9rPyrWaHewEha4wnClTtl2BwfFKFY7t3g==
  dependencies:
    "@transloadit/prettier-bytes" "^0.3.4"
    "@uppy/informer" "^3.1.0"
    "@uppy/provider-views" "^3.13.0"
    "@uppy/status-bar" "^3.3.3"
    "@uppy/thumbnail-generator" "^3.1.0"
    "@uppy/utils" "^5.9.0"
    classnames "^2.2.6"
    is-shallow-equal "^1.0.1"
    lodash "^4.17.21"
    memoize-one "^6.0.0"
    nanoid "^4.0.0"
    preact "^10.5.13"

"@uppy/drag-drop@^3.1.0":
  version "3.1.0"
  resolved "https://registry.yarnpkg.com/@uppy/drag-drop/-/drag-drop-3.1.0.tgz#f4554f8083df6d539df648de8ae41065e3bcd028"
  integrity sha512-9TINGQ9R5xmu7rvd3MpxNv/E6W28VkmSDhl91l8IOcxCU44psctuvgt57TB5ArLKfICljDBJzs/6dCU38U1CuA==
  dependencies:
    "@uppy/utils" "^5.7.5"
    preact "^10.5.13"

"@uppy/drop-target@^2.1.0":
  version "2.1.0"
  resolved "https://registry.yarnpkg.com/@uppy/drop-target/-/drop-target-2.1.0.tgz#a21af10fae35a5ab5c2c844b04d279045a27f438"
  integrity sha512-s05stmY2u6BK0X7c/jMAxnTigUj08ccesoD9kmkkfPZh+J0icgokJa+P/KwwAiPAyReBoJSS1ZBzjHjuAM0v9Q==
  dependencies:
    "@uppy/utils" "^5.9.0"

"@uppy/dropbox@^3.4.0":
  version "3.4.0"
  resolved "https://registry.yarnpkg.com/@uppy/dropbox/-/dropbox-3.4.0.tgz#aabc75e957cbaeb4587fa4f1811fc4d1dcf96866"
  integrity sha512-KcYb40b5qCnOJVB+2wNHG+DY/s2sLtW6vyp7jJNrQR87AtNaLXd1dIoYXgM5HrCTJ52IrnfrTgNcUb+EhaRisw==
  dependencies:
    "@uppy/companion-client" "^3.8.1"
    "@uppy/provider-views" "^3.13.0"
    "@uppy/utils" "^5.9.0"
    preact "^10.5.13"

"@uppy/facebook@^3.3.1":
  version "3.3.1"
  resolved "https://registry.yarnpkg.com/@uppy/facebook/-/facebook-3.3.1.tgz#b915be0ce187b7df69bc5b5b57ac66d3475549aa"
  integrity sha512-AUZKJc8XrGaAcCos8XFCvx5hsAO6cGNXJkxjFJrkMsj7z+dUCxkVumAlztZh/5SYyhymZj20Y8cUIjRI0gvpiw==
  dependencies:
    "@uppy/companion-client" "^3.8.1"
    "@uppy/provider-views" "^3.12.0"
    "@uppy/utils" "^5.9.0"
    preact "^10.5.13"

"@uppy/file-input@^3.1.2":
  version "3.1.2"
  resolved "https://registry.yarnpkg.com/@uppy/file-input/-/file-input-3.1.2.tgz#d4b62e0a6b3289aa859bc92beff0247c3f638146"
  integrity sha512-IgZhK3EfO2bEqmEwpqfo3N9k8OxV2pmuGdKU4IuwJFv3Q1s1F6ceSDhWX8ivtVXlDvnbJIkqZbZjnvWwJxfjng==
  dependencies:
    "@uppy/utils" "^5.9.0"
    preact "^10.5.13"

"@uppy/form@^3.2.1":
  version "3.2.1"
  resolved "https://registry.yarnpkg.com/@uppy/form/-/form-3.2.1.tgz#00bb0f4b5886c8d9e2281779160c96ee5e9d289f"
  integrity sha512-V+o/Is4B294qBBww0s4uEV21yUU72u1RR3g9CP7GNeMd6r9yN/iBsAZnGmCbA2hVg+NHKTiH/WbOsSMu1cr99A==
  dependencies:
    "@uppy/utils" "^5.9.0"
    get-form-data "^3.0.0"

"@uppy/golden-retriever@^3.2.0":
  version "3.2.0"
  resolved "https://registry.yarnpkg.com/@uppy/golden-retriever/-/golden-retriever-3.2.0.tgz#c6c8fd503e865f58b57b129d7b0c626efacd85e4"
  integrity sha512-r2U76tXLjGKQCR8mtCmuncqAZYwQR7Hwx6AiWGts+fbmwFTLI2sj5GbjEPonB6jfNqqHleqvihQnqPFGTKIAlw==
  dependencies:
    "@uppy/utils" "^5.7.5"
    lodash "^4.17.21"

"@uppy/google-drive@^3.6.0":
  version "3.6.0"
  resolved "https://registry.yarnpkg.com/@uppy/google-drive/-/google-drive-3.6.0.tgz#9b4204211c093688487215376ec78d5b189b5bf8"
  integrity sha512-7Db98dJW/7ajvKUjJxQbL7D5MarJHG7T958jZhmy0jRugx19r9HqBcM88bsIn+A3ljmnrqzb9IfsRwTZ2W6D5A==
  dependencies:
    "@uppy/companion-client" "^3.8.1"
    "@uppy/provider-views" "^3.13.0"
    "@uppy/utils" "^5.9.0"
    preact "^10.5.13"

"@uppy/google-photos@^0.1.0":
  version "0.1.0"
  resolved "https://registry.yarnpkg.com/@uppy/google-photos/-/google-photos-0.1.0.tgz#40efa5c2febe98351d38375ae537d665326685af"
  integrity sha512-Ia61UjMJxItZXkPBZiSCXvr2tCHq5s4GTUdWFKAe+nDzNndcO0J4FvGR0wFq5lA7yJ0lGofIq7yvVGk3G64/nQ==
  dependencies:
    "@uppy/companion-client" "^3.8.1"
    "@uppy/provider-views" "^3.13.0"
    "@uppy/utils" "^5.9.0"
    preact "^10.5.13"

"@uppy/image-editor@^2.4.6":
  version "2.4.6"
  resolved "https://registry.yarnpkg.com/@uppy/image-editor/-/image-editor-2.4.6.tgz#0ed0fe08d989a8e9c91dc23404e348afd14571db"
  integrity sha512-uQ8k4pUSsYBv6ZBoICwKq3M1DqiKg6AFM/nbvxL/q5KpRkRTszzPvP4hyvjY2zDLLf/NlK3E45N2IcWraV87dQ==
  dependencies:
    "@uppy/utils" "^5.9.0"
    cropperjs "1.5.7"
    preact "^10.5.13"

"@uppy/informer@^3.1.0":
  version "3.1.0"
  resolved "https://registry.yarnpkg.com/@uppy/informer/-/informer-3.1.0.tgz#40a8489f508911c778a7305fd5c551947fd4c96b"
  integrity sha512-vmpTLqzSLmZSuIVDZV0o19yXVqyTh5/uCbKUEiyfBhR726kQiuYQLP/ZHaKcvW3c1ESQGbNg53iNHbFBqF681w==
  dependencies:
    "@uppy/utils" "^5.7.4"
    preact "^10.5.13"

"@uppy/instagram@^3.3.1":
  version "3.3.1"
  resolved "https://registry.yarnpkg.com/@uppy/instagram/-/instagram-3.3.1.tgz#ecf2845248515ba7534081d1ceb1f653feda5b20"
  integrity sha512-lD1abtGslNmZ3RA4UHKYYLeRllxhCMHD60HvRdud9LL6k/M6AvlWupG8Q5jnA6c+OcWdeCdIKCkSWsF+N795LA==
  dependencies:
    "@uppy/companion-client" "^3.8.1"
    "@uppy/provider-views" "^3.12.0"
    "@uppy/utils" "^5.9.0"
    preact "^10.5.13"

"@uppy/onedrive@^3.4.0":
  version "3.4.0"
  resolved "https://registry.yarnpkg.com/@uppy/onedrive/-/onedrive-3.4.0.tgz#7cff7a9dad8f3baa9acd403c131f6fb8b95ec988"
  integrity sha512-UXNdvL62aT8RTYCK3rUVwtWapRP5UIJad/TRmkllavr9cLkhLnAd8jZNXjru2P2l7sRO6Zcd44EwMTHij0Aa8A==
  dependencies:
    "@uppy/companion-client" "^3.8.1"
    "@uppy/provider-views" "^3.13.0"
    "@uppy/utils" "^5.9.0"
    preact "^10.5.13"

"@uppy/progress-bar@^3.1.1":
  version "3.1.1"
  resolved "https://registry.yarnpkg.com/@uppy/progress-bar/-/progress-bar-3.1.1.tgz#9c31b91eec6b9cfe1af3afa0ae066c75d52ef446"
  integrity sha512-c7Wcv6/gvrdxICnZUaU/cZG6wUtS0V/GYGssGFQ6OW84h0smuzGGA+KOh9zKqr6HBHxgKRxmCDtrlTlSSvAuQQ==
  dependencies:
    "@uppy/utils" "^5.7.5"
    preact "^10.5.13"

"@uppy/provider-views@^3.12.0", "@uppy/provider-views@^3.13.0":
  version "3.13.0"
  resolved "https://registry.yarnpkg.com/@uppy/provider-views/-/provider-views-3.13.0.tgz#9fa98b35e0827ef24c264de1729241f85e29bfa2"
  integrity sha512-Z2oI88A+GC2zIPk8beoeFN/miHKkhtF58mYjvb5miGCMMZM7p7LRj98sgb5OOdKsGrfeiuTavtgL424BvcVd8w==
  dependencies:
    "@uppy/utils" "^5.9.0"
    classnames "^2.2.6"
    nanoid "^4.0.0"
    p-queue "^7.3.4"
    preact "^10.5.13"

"@uppy/redux-dev-tools@^3.0.3":
  version "3.0.3"
  resolved "https://registry.yarnpkg.com/@uppy/redux-dev-tools/-/redux-dev-tools-3.0.3.tgz#e5bebd0397b551c93e90f97e1c8db8dbb6e8f683"
  integrity sha512-WwAF+Yp+C3k0tbeLN+AnQDsZZsSpbt0nPUyCTtvUrGXK4p05tI8vEFheVmChgZKud038nZ/ULPGsKNFmuOm81Q==

"@uppy/remote-sources@^1.3.0":
  version "1.3.0"
  resolved "https://registry.yarnpkg.com/@uppy/remote-sources/-/remote-sources-1.3.0.tgz#262eee4cf95b4c1bac8c7c1c34bf781e7f2acd3f"
  integrity sha512-jhxnwCvj5LYCPWd7k5dGFKlBcJqITG4GhZfZaWszRDYHtpYSC5blw+5AxKkBitvERoXk/su17x3VFo8jkiCG0g==
  dependencies:
    "@uppy/box" "^2.4.0"
    "@uppy/dashboard" "^3.9.0"
    "@uppy/dropbox" "^3.4.0"
    "@uppy/facebook" "^3.3.1"
    "@uppy/google-drive" "^3.6.0"
    "@uppy/google-photos" "^0.1.0"
    "@uppy/instagram" "^3.3.1"
    "@uppy/onedrive" "^3.4.0"
    "@uppy/unsplash" "^3.3.1"
    "@uppy/url" "^3.6.1"
    "@uppy/zoom" "^2.3.1"

"@uppy/screen-capture@^3.2.0":
  version "3.2.0"
  resolved "https://registry.yarnpkg.com/@uppy/screen-capture/-/screen-capture-3.2.0.tgz#9518997c11fd457fd13d1c2f8c6d6e10ccabf720"
  integrity sha512-bwrIpp9nlymjMVD3DpULurAUfvVUVkOfZfGWH2xtaVGZbXU1Q7rwNM1jwn4ilqSLCRWbDNi8VSy81WOruKv/9g==
  dependencies:
    "@uppy/utils" "^5.7.5"
    preact "^10.5.13"

"@uppy/status-bar@^3.3.3":
  version "3.3.3"
  resolved "https://registry.yarnpkg.com/@uppy/status-bar/-/status-bar-3.3.3.tgz#3ad4bd5477904fd137ee46c69c3e5fd3b22e5d08"
  integrity sha512-TCcnBjTDbq/AmnGOcWbCpQNsv05Z6Y36zdmTCt/xNe2/gTVAYAzGRoGOrkeb6jf/E4AAi25VyOolSqL2ibB8Kw==
  dependencies:
    "@transloadit/prettier-bytes" "^0.3.4"
    "@uppy/utils" "^5.9.0"
    classnames "^2.2.6"
    preact "^10.5.13"

"@uppy/store-default@^3.2.2":
  version "3.2.2"
  resolved "https://registry.yarnpkg.com/@uppy/store-default/-/store-default-3.2.2.tgz#19ef59ea9a427372b21395fd4c842e193b9a9dde"
  integrity sha512-OiSgT++Jj4nLK0N9WTeod3UNjCH81OXE5BcMJCd9oWzl2d0xPNq2T/E9Y6O72XVd+6Y7+tf5vZlPElutfMB3KQ==

"@uppy/store-redux@^3.0.7":
  version "3.0.7"
  resolved "https://registry.yarnpkg.com/@uppy/store-redux/-/store-redux-3.0.7.tgz#ea77824593aed622f74ee3bc92205fef46316e9c"
  integrity sha512-6+RDxoi6YBd6kmO5bh29zeHZXSObR8xxzHNGY3MYowSgxfPTidFvDvOepWRcx9+GPIK4Gux1AIYC6R2cnUNCBQ==
  dependencies:
    nanoid "^4.0.0"

"@uppy/thumbnail-generator@^3.1.0":
  version "3.1.0"
  resolved "https://registry.yarnpkg.com/@uppy/thumbnail-generator/-/thumbnail-generator-3.1.0.tgz#8352542a12c0a4ed209c16c55850b3744af7d59c"
  integrity sha512-tDKK/cukC0CrM0F/OlHFmvpGGUq+Db4YfakhIGPKtT7ZO8aWOiIu5JIvaYUnKRxGq3RGsk4zhkxYXuoxVzzsGA==
  dependencies:
    "@uppy/utils" "^5.7.5"
    exifr "^7.0.0"

"@uppy/transloadit@^3.8.0":
  version "3.8.0"
  resolved "https://registry.yarnpkg.com/@uppy/transloadit/-/transloadit-3.8.0.tgz#22849d1920421bd0376096b17f78d524a7ccd318"
  integrity sha512-7SRPj2IZ7utIa/MRXUUtSzidF9fjZ5ZCihW0SgKPnpI3byEj40sE24hQjP78cME48l/rp93ufn6YyHlkrnoPiA==
  dependencies:
    "@uppy/companion-client" "^3.8.1"
    "@uppy/provider-views" "^3.13.0"
    "@uppy/tus" "^3.5.5"
    "@uppy/utils" "^5.9.0"
    component-emitter "^1.2.1"

"@uppy/tus@^3.5.5":
  version "3.5.5"
  resolved "https://registry.yarnpkg.com/@uppy/tus/-/tus-3.5.5.tgz#82076bf2ebb02bf8de9eb49955942d04813b9ca2"
  integrity sha512-Dcvqc897tSWRe9oiJo2ZCiyebn0G3j8FMYa99GYeLV9AeL37V/7akMAPG5ama4mTQLBXHcpziLqosTrf07ZMYQ==
  dependencies:
    "@uppy/companion-client" "^3.8.1"
    "@uppy/utils" "^5.9.0"
    tus-js-client "^3.1.3"

"@uppy/unsplash@^3.3.1":
  version "3.3.1"
  resolved "https://registry.yarnpkg.com/@uppy/unsplash/-/unsplash-3.3.1.tgz#da29adbe4d1b9ef6e61bd9a38f9ed501872baec3"
  integrity sha512-MQ2l3Rg7tyc4ntqQzjsGQAff1nyIku0w96yAYXZAEWGk9GzLq4H2Te1lXgL1tauh9+5zrzglGe2GQv7A2H4wgQ==
  dependencies:
    "@uppy/companion-client" "^3.8.1"
    "@uppy/provider-views" "^3.12.0"
    "@uppy/utils" "^5.9.0"
    preact "^10.5.13"

"@uppy/url@^3.6.1":
  version "3.6.1"
  resolved "https://registry.yarnpkg.com/@uppy/url/-/url-3.6.1.tgz#09439594c6d7ddef85d579906526eb1f09abdb8d"
  integrity sha512-EqnhNSHv7HYY8T9pQ3Cc7/SlSs1eD9rIoNd0GH7axPrJiR1KNwinN3EKnipIlUQgKvjpmrqAdPpHzkAyUVQqDw==
  dependencies:
    "@uppy/companion-client" "^3.8.1"
    "@uppy/utils" "^5.9.0"
    nanoid "^4.0.0"
    preact "^10.5.13"

"@uppy/utils@^5.7.2", "@uppy/utils@^5.7.4", "@uppy/utils@^5.7.5", "@uppy/utils@^5.9.0":
  version "5.9.0"
  resolved "https://registry.yarnpkg.com/@uppy/utils/-/utils-5.9.0.tgz#c88827f9678a53cd13c7cd2f51e7682efd060e7d"
  integrity sha512-9Ubddd3orCOLYjf0KobwgJ+aTrABSxk9t4X/QdM4qJHVZuMIftkaMplrViRUO+kvIBCXEZDIP2AmS060siDNGw==
  dependencies:
    lodash "^4.17.21"
    preact "^10.5.13"

"@uppy/webcam@^3.4.2":
  version "3.4.2"
  resolved "https://registry.yarnpkg.com/@uppy/webcam/-/webcam-3.4.2.tgz#b057eec75cea1e8b30503c46f8bc68b86222fec8"
  integrity sha512-exp6YZN8eu8hJjJ48/O84htMwwGKLwMzuLTEWrXmu710Z3kU7Zu3+jN1PiajnRcGykXl9iwj3iXR2z1uEu+dbw==
  dependencies:
    "@uppy/utils" "^5.9.0"
    is-mobile "^3.1.1"
    preact "^10.5.13"

"@uppy/xhr-upload@^3.6.2", "@uppy/xhr-upload@^3.6.7":
  version "3.6.7"
  resolved "https://registry.yarnpkg.com/@uppy/xhr-upload/-/xhr-upload-3.6.7.tgz#1c6b62e1563dcfbbe85bb7d292d1bdce491ae82d"
  integrity sha512-xd8PA6gz8/usm7wpI6w8zOjnw5KnE/Yt7fWknFubMFCbP0yutWbStgeFAj5AMdLjLQpGveGb/OVWHhBfy2LwlA==
  dependencies:
    "@uppy/companion-client" "^3.8.1"
    "@uppy/utils" "^5.9.0"

"@uppy/zoom@^2.3.1":
  version "2.3.1"
  resolved "https://registry.yarnpkg.com/@uppy/zoom/-/zoom-2.3.1.tgz#6e1d3b325bfe9c9c86fda1b77c8029f645fdafbc"
  integrity sha512-rhoNua3zAXt2grzHha09N2pGKyZdnI9h/TLHU8X/LQTswdIhxNmr772AVci2R2p/IwO18xGXB/VXIkh4t3/Nww==
  dependencies:
    "@uppy/companion-client" "^3.8.1"
    "@uppy/provider-views" "^3.12.0"
    "@uppy/utils" "^5.9.0"
    preact "^10.5.13"

blueimp-canvas-to-blob@^3.29.0:
  version "3.29.0"
  resolved "https://registry.yarnpkg.com/blueimp-canvas-to-blob/-/blueimp-canvas-to-blob-3.29.0.tgz#d965f06cb1a67fdae207a2be56683f55ef531466"
  integrity sha512-0pcSSGxC0QxT+yVkivxIqW0Y4VlO2XSDPofBAqoJ1qJxgH9eiUDLv50Rixij2cDuEfx4M6DpD9UGZpRhT5Q8qg==

buffer-from@^1.1.2:
  version "1.1.2"
  resolved "https://registry.yarnpkg.com/buffer-from/-/buffer-from-1.1.2.tgz#2b146a6fd72e80b4f55d255f35ed59a3a9a41bd5"
  integrity sha512-E+XQCRwSbaaiChtv6k6Dwgc+bx+Bs6vuKJHHl5kox/BaKbhiXzqQOwK4cO22yElGp2OCmjwVhT3HmxgyPGnJfQ==

classnames@^2.2.6:
  version "2.5.1"
  resolved "https://registry.yarnpkg.com/classnames/-/classnames-2.5.1.tgz#ba774c614be0f016da105c858e7159eae8e7687b"
  integrity sha512-saHYOzhIQs6wy2sVxTM6bUDsQO4F50V9RQ22qBpEdCW+I+/Wmke2HOl6lS6dTpdxVhb88/I6+Hs+438c3lfUow==

clipboard@^2.0.8:
  version "2.0.11"
  resolved "https://registry.yarnpkg.com/clipboard/-/clipboard-2.0.11.tgz#62180360b97dd668b6b3a84ec226975762a70be5"
  integrity sha512-C+0bbOqkezLIsmWSvlsXS0Q0bmkugu7jcfMIACB+RDEntIzQIkdr148we28AfSloQLRdZlYL/QYyrq05j/3Faw==
  dependencies:
    good-listener "^1.2.2"
    select "^1.1.2"
    tiny-emitter "^2.0.0"

codemirror@^5.65.1:
  version "5.65.16"
  resolved "https://registry.yarnpkg.com/codemirror/-/codemirror-5.65.16.tgz#efc0661be6bf4988a6a1c2fe6893294638cdb334"
  integrity sha512-br21LjYmSlVL0vFCPWPfhzUCT34FM/pAdK7rRIZwa0rrtrIdotvP4Oh4GUHsu2E3IrQMCfRkL/fN3ytMNxVQvg==

combine-errors@^3.0.3:
  version "3.0.3"
  resolved "https://registry.yarnpkg.com/combine-errors/-/combine-errors-3.0.3.tgz#f4df6740083e5703a3181110c2b10551f003da86"
  integrity sha512-C8ikRNRMygCwaTx+Ek3Yr+OuZzgZjduCOfSQBjbM8V3MfgcjSTeto/GXP6PAwKvJz/v15b7GHZvx5rOlczFw/Q==
  dependencies:
    custom-error-instance "2.1.1"
    lodash.uniqby "4.5.0"

component-emitter@^1.2.1:
  version "1.3.1"
  resolved "https://registry.yarnpkg.com/component-emitter/-/component-emitter-1.3.1.tgz#ef1d5796f7d93f135ee6fb684340b26403c97d17"
  integrity sha512-T0+barUSQRTUQASh8bx02dl+DhF54GtIDY13Y3m9oWTklKbb3Wv974meRpeZ3lp1JpLVECWWNHC4vaG2XHXouQ==

compressorjs@^1.2.1:
  version "1.2.1"
  resolved "https://registry.yarnpkg.com/compressorjs/-/compressorjs-1.2.1.tgz#4dee18ef5032f8166bd0a3258f045eda2cd07671"
  integrity sha512-+geIjeRnPhQ+LLvvA7wxBQE5ddeLU7pJ3FsKFWirDw6veY3s9iLxAQEw7lXGHnhCJvBujEQWuNnGzZcvCvdkLQ==
  dependencies:
    blueimp-canvas-to-blob "^3.29.0"
    is-blob "^2.1.0"

cropperjs@1.5.7:
  version "1.5.7"
  resolved "https://registry.yarnpkg.com/cropperjs/-/cropperjs-1.5.7.tgz#b65019725bae1c6285e881fb661b2141fa57025b"
  integrity sha512-sGj+G/ofKh+f6A4BtXLJwtcKJgMUsXYVUubfTo9grERiDGXncttefmue/fyQFvn8wfdyoD1KhDRYLfjkJFl0yw==

custom-error-instance@2.1.1:
  version "2.1.1"
  resolved "https://registry.yarnpkg.com/custom-error-instance/-/custom-error-instance-2.1.1.tgz#3cf6391487a6629a6247eb0ca0ce00081b7e361a"
  integrity sha512-p6JFxJc3M4OTD2li2qaHkDCw9SfMw82Ldr6OC9Je1aXiGfhx2W8p3GaoeaGrPJTUN9NirTM/KTxHWMUdR1rsUg==

delegate@^3.1.2:
  version "3.2.0"
  resolved "https://registry.yarnpkg.com/delegate/-/delegate-3.2.0.tgz#b66b71c3158522e8ab5744f720d8ca0c2af59166"
  integrity sha512-IofjkYBZaZivn0V8nnsMJGBr4jVLxHDheKSW88PyxS5QC4Vo9ZbZVvhzlSxY87fVq3STR6r+4cGepyHkcWOQSw==

eventemitter3@^5.0.1:
  version "5.0.1"
  resolved "https://registry.yarnpkg.com/eventemitter3/-/eventemitter3-5.0.1.tgz#53f5ffd0a492ac800721bb42c66b841de96423c4"
  integrity sha512-GWkBvjiSZK87ELrYOSESUYeVIc9mvLLf/nXalMOS5dYrgZq9o5OVkbZAVM06CVxYsCwH9BDZFPlQTlPA1j4ahA==

exifr@^7.0.0:
  version "7.1.3"
  resolved "https://registry.yarnpkg.com/exifr/-/exifr-7.1.3.tgz#f6218012c36dbb7d843222011b27f065fddbab6f"
  integrity sha512-g/aje2noHivrRSLbAUtBPWFbxKdKhgj/xr1vATDdUXPOFYJlQ62Ft0oy+72V6XLIpDJfHs6gXLbBLAolqOXYRw==

get-form-data@^3.0.0:
  version "3.0.0"
  resolved "https://registry.yarnpkg.com/get-form-data/-/get-form-data-3.0.0.tgz#7abbf0e75e5ff155f75ba26eadeb9a4d70bf95dc"
  integrity sha512-1d53Kn08wlPuLu31/boF1tW2WRYKw3xAWae3mqcjqpDjoqVBtXolbQnudbbEFyFWL7+2SLGRAFdotxNY06V7MA==

good-listener@^1.2.2:
  version "1.2.2"
  resolved "https://registry.yarnpkg.com/good-listener/-/good-listener-1.2.2.tgz#d53b30cdf9313dffb7dc9a0d477096aa6d145c50"
  integrity sha512-goW1b+d9q/HIwbVYZzZ6SsTr4IgE+WA44A0GmPIQstuOrgsFcT7VEJ48nmr9GaRtNu0XTKacFLGnBPAM6Afouw==
  dependencies:
    delegate "^3.1.2"

graceful-fs@^4.2.4:
  version "4.2.11"
  resolved "https://registry.yarnpkg.com/graceful-fs/-/graceful-fs-4.2.11.tgz#4183e4e8bf08bb6e05bbb2f7d2e0c8f712ca40e3"
  integrity sha512-RbJ5/jmFcNNCcDV5o9eTnBLJ/HszWV0P73bc+Ff4nS/rJj+YaS6IGyiOL0VoBYX+l1Wrl3k63h/KrH+nhJ0XvQ==

is-blob@^2.1.0:
  version "2.1.0"
  resolved "https://registry.yarnpkg.com/is-blob/-/is-blob-2.1.0.tgz#e36cd82c90653f1e1b930f11baf9c64216a05385"
  integrity sha512-SZ/fTft5eUhQM6oF/ZaASFDEdbFVe89Imltn9uZr03wdKMcWNVYSMjQPFtg05QuNkt5l5c135ElvXEQG0rk4tw==

is-mobile@^3.1.1:
  version "3.1.1"
  resolved "https://registry.yarnpkg.com/is-mobile/-/is-mobile-3.1.1.tgz#3b9e48f40068e4ea2da411f5009779844ce8d6aa"
  integrity sha512-RRoXXR2HNFxNkUnxtaBdGBXtFlUMFa06S0NUKf/LCF+MuGLu13gi9iBCkoEmc6+rpXuwi5Mso5V8Zf7mNynMBQ==

is-network-error@^1.0.0:
  version "1.1.0"
  resolved "https://registry.yarnpkg.com/is-network-error/-/is-network-error-1.1.0.tgz#d26a760e3770226d11c169052f266a4803d9c997"
  integrity sha512-tUdRRAnhT+OtCZR/LxZelH/C7QtjtFrTu5tXCA8pl55eTUElUHT+GPYV8MBMBvea/j+NxQqVt3LbWMRir7Gx9g==

is-shallow-equal@^1.0.1:
  version "1.0.1"
  resolved "https://registry.yarnpkg.com/is-shallow-equal/-/is-shallow-equal-1.0.1.tgz#c410b51eb1c12ee50cd02891d32d1691a132d73c"
  integrity sha512-lq5RvK+85Hs5J3p4oA4256M1FEffzmI533ikeDHvJd42nouRRx5wBzt36JuviiGe5dIPyHON/d0/Up+PBo6XkQ==

is-stream@^2.0.0:
  version "2.0.1"
  resolved "https://registry.yarnpkg.com/is-stream/-/is-stream-2.0.1.tgz#fac1e3d53b97ad5a9d0ae9cef2389f5810a5c077"
  integrity sha512-hFoiJiTl63nn+kstHGBtewWSKnQLpyb155KHheA1l39uvtO9nWIop1p3udqPcUd/xbF1VLMO4n7OI6p7RbngDg==

jquery@^3.5.0:
  version "3.7.1"
  resolved "https://registry.yarnpkg.com/jquery/-/jquery-3.7.1.tgz#083ef98927c9a6a74d05a6af02806566d16274de"
  integrity sha512-m4avr8yL8kmFN8psrbFFFmB/If14iN5o9nw/NgnnM+kybDJpRsAynV2BsfpTYrTRysYUdADVD7CkUUizgkpLfg==

jquery@~3.6.0:
  version "3.6.4"
  resolved "https://registry.yarnpkg.com/jquery/-/jquery-3.6.4.tgz#ba065c188142100be4833699852bf7c24dc0252f"
  integrity sha512-v28EW9DWDFpzcD9O5iyJXg3R3+q+mET5JhnjJzQUZMHOv67bpSIHq81GEYpPNZHG+XXHsfSme3nxp/hndKEcsQ==

js-base64@^3.7.2:
  version "3.7.7"
  resolved "https://registry.yarnpkg.com/js-base64/-/js-base64-3.7.7.tgz#e51b84bf78fbf5702b9541e2cb7bfcb893b43e79"
  integrity sha512-7rCnleh0z2CkXhH67J8K1Ytz0b2Y+yxTPL+/KOJoa20hfnVQ/3/T6W/KflYI4bRHRagNeXeU2bkNGI3v1oS/lw==

jstree@^3.3.12:
  version "3.3.16"
  resolved "https://registry.yarnpkg.com/jstree/-/jstree-3.3.16.tgz#43e3a8a1ee270ddff514317250d5e85b95d63c52"
  integrity sha512-yeeIJffi2WAqyMeHufXj/Ozy7GqgKdDkxfN8L8lwbG0h1cw/TgDafWmyhroH4AKgDSk9yW1W6jiJZu4zXAqzXw==
  dependencies:
    jquery "^3.5.0"

just-compare@^2.3.0:
  version "2.3.0"
  resolved "https://registry.yarnpkg.com/just-compare/-/just-compare-2.3.0.tgz#a2adcc1d1940536263275f5a1ef1298bcacfeda7"
  integrity sha512-6shoR7HDT+fzfL3gBahx1jZG3hWLrhPAf+l7nCwahDdT9XDtosB9kIF0ZrzUp5QY8dJWfQVr5rnsPqsbvflDzg==

lodash._baseiteratee@~4.7.0:
  version "4.7.0"
  resolved "https://registry.yarnpkg.com/lodash._baseiteratee/-/lodash._baseiteratee-4.7.0.tgz#34a9b5543572727c3db2e78edae3c0e9e66bd102"
  integrity sha512-nqB9M+wITz0BX/Q2xg6fQ8mLkyfF7MU7eE+MNBNjTHFKeKaZAPEzEg+E8LWxKWf1DQVflNEn9N49yAuqKh2mWQ==
  dependencies:
    lodash._stringtopath "~4.8.0"

lodash._basetostring@~4.12.0:
  version "4.12.0"
  resolved "https://registry.yarnpkg.com/lodash._basetostring/-/lodash._basetostring-4.12.0.tgz#9327c9dc5158866b7fa4b9d42f4638e5766dd9df"
  integrity sha512-SwcRIbyxnN6CFEEK4K1y+zuApvWdpQdBHM/swxP962s8HIxPO3alBH5t3m/dl+f4CMUug6sJb7Pww8d13/9WSw==

lodash._baseuniq@~4.6.0:
  version "4.6.0"
  resolved "https://registry.yarnpkg.com/lodash._baseuniq/-/lodash._baseuniq-4.6.0.tgz#0ebb44e456814af7905c6212fa2c9b2d51b841e8"
  integrity sha512-Ja1YevpHZctlI5beLA7oc5KNDhGcPixFhcqSiORHNsp/1QTv7amAXzw+gu4YOvErqVlMVyIJGgtzeepCnnur0A==
  dependencies:
    lodash._createset "~4.0.0"
    lodash._root "~3.0.0"

lodash._createset@~4.0.0:
  version "4.0.3"
  resolved "https://registry.yarnpkg.com/lodash._createset/-/lodash._createset-4.0.3.tgz#0f4659fbb09d75194fa9e2b88a6644d363c9fe26"
  integrity sha512-GTkC6YMprrJZCYU3zcqZj+jkXkrXzq3IPBcF/fIPpNEAB4hZEtXU8zp/RwKOvZl43NUmwDbyRk3+ZTbeRdEBXA==

lodash._root@~3.0.0:
  version "3.0.1"
  resolved "https://registry.yarnpkg.com/lodash._root/-/lodash._root-3.0.1.tgz#fba1c4524c19ee9a5f8136b4609f017cf4ded692"
  integrity sha512-O0pWuFSK6x4EXhM1dhZ8gchNtG7JMqBtrHdoUFUWXD7dJnNSUze1GuyQr5sOs0aCvgGeI3o/OJW8f4ca7FDxmQ==

lodash._stringtopath@~4.8.0:
  version "4.8.0"
  resolved "https://registry.yarnpkg.com/lodash._stringtopath/-/lodash._stringtopath-4.8.0.tgz#941bcf0e64266e5fc1d66fed0a6959544c576824"
  integrity sha512-SXL66C731p0xPDC5LZg4wI5H+dJo/EO4KTqOMwLYCH3+FmmfAKJEZCm6ohGpI+T1xwsDsJCfL4OnhorllvlTPQ==
  dependencies:
    lodash._basetostring "~4.12.0"

lodash.throttle@^4.1.1:
  version "4.1.1"
  resolved "https://registry.yarnpkg.com/lodash.throttle/-/lodash.throttle-4.1.1.tgz#c23e91b710242ac70c37f1e1cda9274cc39bf2f4"
  integrity sha512-wIkUCfVKpVsWo3JSZlc+8MB5it+2AN5W8J7YVMST30UrvcQNZ1Okbj+rbVniijTWE6FGYy4XJq/rHkas8qJMLQ==

lodash.uniqby@4.5.0:
  version "4.5.0"
  resolved "https://registry.yarnpkg.com/lodash.uniqby/-/lodash.uniqby-4.5.0.tgz#a3a17bbf62eeb6240f491846e97c1c4e2a5e1e21"
  integrity sha512-IRt7cfTtHy6f1aRVA5n7kT8rgN3N1nH6MOWLcHfpWG2SH19E3JksLK38MktLxZDhlAjCP9jpIXkOnRXlu6oByQ==
  dependencies:
    lodash._baseiteratee "~4.7.0"
    lodash._baseuniq "~4.6.0"

lodash@^4.17.21:
  version "4.17.21"
  resolved "https://registry.yarnpkg.com/lodash/-/lodash-4.17.21.tgz#679591c564c3bffaae8454cf0b3df370c3d6911c"
  integrity sha512-v2kDEe57lecTulaDIuNTPy3Ry4gLGJ6Z1O3vE1krgXZNrsQ+LFTGHVxVjcXPs17LhbZVGedAJv8XZ1tvj5FvSg==

memoize-one@^6.0.0:
  version "6.0.0"
  resolved "https://registry.yarnpkg.com/memoize-one/-/memoize-one-6.0.0.tgz#b2591b871ed82948aee4727dc6abceeeac8c1045"
  integrity sha512-rkpe71W0N0c0Xz6QD0eJETuWAJGnJ9afsl1srmwPrI+yBCkge5EycXXbYRyvL29zZVUWQCY7InPRCv3GDXuZNw==

mime-match@^1.0.2:
  version "1.0.2"
  resolved "https://registry.yarnpkg.com/mime-match/-/mime-match-1.0.2.tgz#3f87c31e9af1a5fd485fb9db134428b23bbb7ba8"
  integrity sha512-VXp/ugGDVh3eCLOBCiHZMYWQaTNUHv2IJrut+yXA6+JbLPXHglHwfS/5A5L0ll+jkCY7fIzRJcH6OIunF+c6Cg==
  dependencies:
    wildcard "^1.1.0"

namespace-emitter@^2.0.1:
  version "2.0.1"
  resolved "https://registry.yarnpkg.com/namespace-emitter/-/namespace-emitter-2.0.1.tgz#978d51361c61313b4e6b8cf6f3853d08dfa2b17c"
  integrity sha512-N/sMKHniSDJBjfrkbS/tpkPj4RAbvW3mr8UAzvlMHyun93XEm83IAvhWtJVHo+RHn/oO8Job5YN4b+wRjSVp5g==

nanoid@^4.0.0:
  version "4.0.2"
  resolved "https://registry.yarnpkg.com/nanoid/-/nanoid-4.0.2.tgz#140b3c5003959adbebf521c170f282c5e7f9fb9e"
  integrity sha512-7ZtY5KTCNheRGfEFxnedV5zFiORN1+Y1N6zvPTnHQd8ENUvfaDBeuJDZb2bN/oXwXxu3qkTXDzy57W5vAmDTBw==

p-queue@^7.3.4:
  version "7.4.1"
  resolved "https://registry.yarnpkg.com/p-queue/-/p-queue-7.4.1.tgz#7f86f853048beca8272abdbb7cec1ed2afc0f265"
  integrity sha512-vRpMXmIkYF2/1hLBKisKeVYJZ8S2tZ0zEAmIJgdVKP2nq0nh4qCdf8bgw+ZgKrkh71AOCaqzwbJJk1WtdcF3VA==
  dependencies:
    eventemitter3 "^5.0.1"
    p-timeout "^5.0.2"

p-retry@^6.1.0:
  version "6.2.0"
  resolved "https://registry.yarnpkg.com/p-retry/-/p-retry-6.2.0.tgz#8d6df01af298750009691ce2f9b3ad2d5968f3bd"
  integrity sha512-JA6nkq6hKyWLLasXQXUrO4z8BUZGUt/LjlJxx8Gb2+2ntodU/SS63YZ8b0LUTbQ8ZB9iwOfhEPhg4ykKnn2KsA==
  dependencies:
    "@types/retry" "0.12.2"
    is-network-error "^1.0.0"
    retry "^0.13.1"

p-timeout@^5.0.2:
  version "5.1.0"
  resolved "https://registry.yarnpkg.com/p-timeout/-/p-timeout-5.1.0.tgz#b3c691cf4415138ce2d9cfe071dba11f0fee085b"
  integrity sha512-auFDyzzzGZZZdHz3BtET9VEz0SE/uMEAx7uWfGPucfzEwwe/xH0iVeZibQmANYE/hp9T2+UUZT5m+BKyrDp3Ew==

preact@^10.5.13:
  version "10.22.0"
  resolved "https://registry.yarnpkg.com/preact/-/preact-10.22.0.tgz#a50f38006ae438d255e2631cbdaf7488e6dd4e16"
  integrity sha512-RRurnSjJPj4rp5K6XoP45Ui33ncb7e4H7WiOHVpjbkvqvA3U+N8Z6Qbo0AE6leGYBV66n8EhEaFixvIu3SkxFw==

prismjs@^1.26.0:
  version "1.29.0"
  resolved "https://registry.yarnpkg.com/prismjs/-/prismjs-1.29.0.tgz#f113555a8fa9b57c35e637bba27509dcf802dd12"
  integrity sha512-Kx/1w86q/epKcmte75LNrEoT+lX8pBpavuAbvJWRXar7Hz8jrtF+e3vY751p0R8H9HdArwaCTNDDzHg/ScJK1Q==

promise-queue@^2.2.5:
  version "2.2.5"
  resolved "https://registry.yarnpkg.com/promise-queue/-/promise-queue-2.2.5.tgz#2f6f5f7c0f6d08109e967659c79b88a9ed5e93b4"
  integrity sha512-p/iXrPSVfnqPft24ZdNNLECw/UrtLTpT3jpAAMzl/o5/rDsGCPo3/CQS2611flL6LkoEJ3oQZw7C8Q80ZISXRQ==

proper-lockfile@^4.1.2:
  version "4.1.2"
  resolved "https://registry.yarnpkg.com/proper-lockfile/-/proper-lockfile-4.1.2.tgz#c8b9de2af6b2f1601067f98e01ac66baa223141f"
  integrity sha512-TjNPblN4BwAWMXU8s9AEz4JmQxnD1NNL7bNOY/AKUzyamc379FWASUhc/K1pL2noVb+XmZKLL68cjzLsiOAMaA==
  dependencies:
    graceful-fs "^4.2.4"
    retry "^0.12.0"
    signal-exit "^3.0.2"

querystringify@^2.1.1:
  version "2.2.0"
  resolved "https://registry.yarnpkg.com/querystringify/-/querystringify-2.2.0.tgz#3345941b4153cb9d082d8eee4cda2016a9aef7f6"
  integrity sha512-FIqgj2EUvTa7R50u0rGsyTftzjYmv/a3hO345bZNrqabNqjtgiDMgmo4mkUjd+nzU5oF3dClKqFIPUKybUyqoQ==

requires-port@^1.0.0:
  version "1.0.0"
  resolved "https://registry.yarnpkg.com/requires-port/-/requires-port-1.0.0.tgz#925d2601d39ac485e091cf0da5c6e694dc3dcaff"
  integrity sha512-KigOCHcocU3XODJxsu8i/j8T9tzT4adHiecwORRQ0ZZFcp7ahwXuRU1m+yuO90C5ZUyGeGfocHDI14M3L3yDAQ==

retry@^0.12.0:
  version "0.12.0"
  resolved "https://registry.yarnpkg.com/retry/-/retry-0.12.0.tgz#1b42a6266a21f07421d1b0b54b7dc167b01c013b"
  integrity sha512-9LkiTwjUh6rT555DtE9rTX+BKByPfrMzEAtnlEtdEwr3Nkffwiihqe2bWADg+OQRjt9gl6ICdmB/ZFDCGAtSow==

retry@^0.13.1:
  version "0.13.1"
  resolved "https://registry.yarnpkg.com/retry/-/retry-0.13.1.tgz#185b1587acf67919d63b357349e03537b2484658"
  integrity sha512-XQBQ3I8W1Cge0Seh+6gjj03LbmRFWuoszgK9ooCpwYIrhhoO80pfq4cUkU5DkknwfOfFteRwlZ56PYOGYyFWdg==

select@^1.1.2:
  version "1.1.2"
  resolved "https://registry.yarnpkg.com/select/-/select-1.1.2.tgz#0e7350acdec80b1108528786ec1d4418d11b396d"
  integrity sha512-OwpTSOfy6xSs1+pwcNrv0RBMOzI39Lp3qQKUTPVVPRjCdNa5JH/oPRiqsesIskK8TVgmRiHwO4KXlV2Li9dANA==

signal-exit@^3.0.2:
  version "3.0.7"
  resolved "https://registry.yarnpkg.com/signal-exit/-/signal-exit-3.0.7.tgz#a9a1767f8af84155114eaabd73f99273c8f59ad9"
  integrity sha512-wnD2ZE+l+SPC/uoS0vXeE9L1+0wuaMqKlfz9AMUo38JsyLSBWSFcHR1Rri62LZc12vLr1gb3jl7iwQhgwpAbGQ==

slugify@^1.6.5:
  version "1.6.6"
  resolved "https://registry.yarnpkg.com/slugify/-/slugify-1.6.6.tgz#2d4ac0eacb47add6af9e04d3be79319cbcc7924b"
  integrity sha512-h+z7HKHYXj6wJU+AnS/+IH8Uh9fdcX1Lrhg1/VMdf9PwoBQXFcXiAdsy2tSK0P6gKwJLXp02r90ahUCqHk9rrw==

star-rating-svg@^3.5.0:
  version "3.5.0"
  resolved "https://registry.yarnpkg.com/star-rating-svg/-/star-rating-svg-3.5.0.tgz#72b147015a433da63153fb607af6d51c7c1ea364"
  integrity sha512-ItfRzGQxDuf4IMR9VV7nfbbcfZ2pAkQ2xfiq/kLzeGUxnyZXttbJrI1erRM2CZedQ+Qu6+yS4u+hUGybkDGYEA==

tiny-emitter@^2.0.0:
  version "2.1.0"
  resolved "https://registry.yarnpkg.com/tiny-emitter/-/tiny-emitter-2.1.0.tgz#1d1a56edfc51c43e863cbb5382a72330e3555423"
  integrity sha512-NB6Dk1A9xgQPMoGqC5CVXn123gWyte215ONT5Pp5a0yt4nlEoO1ZWeCwpncaekPHXO60i47ihFnZPiRPjRMq4Q==

tus-js-client@^3.1.3:
  version "3.1.3"
  resolved "https://registry.yarnpkg.com/tus-js-client/-/tus-js-client-3.1.3.tgz#bac62c14c770ba71492072179b55292baa19a074"
  integrity sha512-n9k6rI/nPOuP2TaqPG6Ogz3a3V1cSH9en7N0VH4gh95jmG8JA58TJzLms2lBfb7aKVb3fdUunqYEG3WnQnZRvQ==
  dependencies:
    buffer-from "^1.1.2"
    combine-errors "^3.0.3"
    is-stream "^2.0.0"
    js-base64 "^3.7.2"
    lodash.throttle "^4.1.1"
    proper-lockfile "^4.1.2"
    url-parse "^1.5.7"

uppy@^3.0.0:
  version "3.27.0"
  resolved "https://registry.yarnpkg.com/uppy/-/uppy-3.27.0.tgz#d24e4949009dd8dc680c30fc5c9cc4842f0770ce"
  integrity sha512-fDv6vt1WJ8QvRvPs69zehYToW+pLpooXgea4izblnDrUOQD3fAjVsILHayszHng82bEdr8LXYc2iKWN+0ZZBXw==
  dependencies:
    "@uppy/audio" "^1.1.9"
    "@uppy/aws-s3" "^3.6.2"
    "@uppy/aws-s3-multipart" "^3.12.0"
    "@uppy/box" "^2.4.0"
    "@uppy/companion-client" "^3.8.1"
    "@uppy/compressor" "^1.1.4"
    "@uppy/core" "^3.13.0"
    "@uppy/dashboard" "^3.9.0"
    "@uppy/drag-drop" "^3.1.0"
    "@uppy/drop-target" "^2.1.0"
    "@uppy/dropbox" "^3.4.0"
    "@uppy/facebook" "^3.3.1"
    "@uppy/file-input" "^3.1.2"
    "@uppy/form" "^3.2.1"
    "@uppy/golden-retriever" "^3.2.0"
    "@uppy/google-drive" "^3.6.0"
    "@uppy/google-photos" "^0.1.0"
    "@uppy/image-editor" "^2.4.6"
    "@uppy/informer" "^3.1.0"
    "@uppy/instagram" "^3.3.1"
    "@uppy/onedrive" "^3.4.0"
    "@uppy/progress-bar" "^3.1.1"
    "@uppy/provider-views" "^3.13.0"
    "@uppy/redux-dev-tools" "^3.0.3"
    "@uppy/remote-sources" "^1.3.0"
    "@uppy/screen-capture" "^3.2.0"
    "@uppy/status-bar" "^3.3.3"
    "@uppy/store-default" "^3.2.2"
    "@uppy/store-redux" "^3.0.7"
    "@uppy/thumbnail-generator" "^3.1.0"
    "@uppy/transloadit" "^3.8.0"
    "@uppy/tus" "^3.5.5"
    "@uppy/unsplash" "^3.3.1"
    "@uppy/url" "^3.6.1"
    "@uppy/webcam" "^3.4.2"
    "@uppy/xhr-upload" "^3.6.7"
    "@uppy/zoom" "^2.3.1"

url-parse@^1.5.7:
  version "1.5.10"
  resolved "https://registry.yarnpkg.com/url-parse/-/url-parse-1.5.10.tgz#9d3c2f736c1d75dd3bd2be507dcc111f1e2ea9c1"
  integrity sha512-WypcfiRhfeUP9vvF0j6rw0J3hrWrw6iZv3+22h6iRMJ/8z1Tj6XfLP4DsUix5MhMPnXpiHDoKyoZ/bdCkwBCiQ==
  dependencies:
    querystringify "^2.1.1"
    requires-port "^1.0.0"

wildcard@^1.1.0:
  version "1.1.2"
  resolved "https://registry.yarnpkg.com/wildcard/-/wildcard-1.1.2.tgz#a7020453084d8cd2efe70ba9d3696263de1710a5"
  integrity sha512-DXukZJxpHA8LuotRwL0pP1+rS6CS7FF2qStDDE1C7DDg2rLud2PXRMuEDYIPhgEezwnlHNL4c+N6MfMTjCGTng==
